
Microsoft Visual Studio Solution File, Format Version 12.00
# Visual Studio Version 17
VisualStudioVersion = 17.12.35506.116
MinimumVisualStudioVersion = 10.0.40219.1
Project("{FAE04EC0-301F-11D3-BF4B-00C04F79EFBC}") = "UI.CmsUI", "CmsUI\UI.CmsUI.csproj", "{FBAF98B6-6926-4584-A845-914F9CFB6D8C}"
EndProject
Project("{2150E333-8FDC-42A3-9474-1A3956D46DE8}") = "UI", "UI", "{38DFC948-D2C5-487D-A793-BE6D0E2E89D3}"
EndProject
Project("{2150E333-8FDC-42A3-9474-1A3956D46DE8}") = "Core", "Core", "{454EE10F-7F97-4616-85D9-F3F0FF183B73}"
EndProject
Project("{FAE04EC0-301F-11D3-BF4B-00C04F79EFBC}") = "Core.Domain", "Core.Domain\Core.Domain.csproj", "{F7C216E3-AA8A-4110-A445-2D614282CD0D}"
EndProject
Project("{FAE04EC0-301F-11D3-BF4B-00C04F79EFBC}") = "Core.App", "Core.App\Core.App.csproj", "{1719757F-192C-4F37-AF4A-D3A0EE4BE494}"
EndProject
Project("{2150E333-8FDC-42A3-9474-1A3956D46DE8}") = "Architecture", "Architecture", "{08684D2A-91EF-4E46-A11A-37427018C40F}"
EndProject
Project("{FAE04EC0-301F-11D3-BF4B-00C04F79EFBC}") = "Architecture.DbWorks", "Architecture.DbWorks\Architecture.DbWorks.csproj", "{83E18766-B9BC-4010-840D-22E556747EB9}"
EndProject
Project("{2150E333-8FDC-42A3-9474-1A3956D46DE8}") = "API", "API", "{A82AF7FC-D5AC-4083-9CF1-9C23A6C690C4}"
EndProject
Global
	GlobalSection(SolutionConfigurationPlatforms) = preSolution
		Debug|Any CPU = Debug|Any CPU
		Release|Any CPU = Release|Any CPU
	EndGlobalSection
	GlobalSection(ProjectConfigurationPlatforms) = postSolution
		{FBAF98B6-6926-4584-A845-914F9CFB6D8C}.Debug|Any CPU.ActiveCfg = Debug|Any CPU
		{FBAF98B6-6926-4584-A845-914F9CFB6D8C}.Debug|Any CPU.Build.0 = Debug|Any CPU
		{FBAF98B6-6926-4584-A845-914F9CFB6D8C}.Release|Any CPU.ActiveCfg = Release|Any CPU
		{FBAF98B6-6926-4584-A845-914F9CFB6D8C}.Release|Any CPU.Build.0 = Release|Any CPU
		{F7C216E3-AA8A-4110-A445-2D614282CD0D}.Debug|Any CPU.ActiveCfg = Debug|Any CPU
		{F7C216E3-AA8A-4110-A445-2D614282CD0D}.Debug|Any CPU.Build.0 = Debug|Any CPU
		{F7C216E3-AA8A-4110-A445-2D614282CD0D}.Release|Any CPU.ActiveCfg = Release|Any CPU
		{F7C216E3-AA8A-4110-A445-2D614282CD0D}.Release|Any CPU.Build.0 = Release|Any CPU
		{1719757F-192C-4F37-AF4A-D3A0EE4BE494}.Debug|Any CPU.ActiveCfg = Debug|Any CPU
		{1719757F-192C-4F37-AF4A-D3A0EE4BE494}.Debug|Any CPU.Build.0 = Debug|Any CPU
		{1719757F-192C-4F37-AF4A-D3A0EE4BE494}.Release|Any CPU.ActiveCfg = Release|Any CPU
		{1719757F-192C-4F37-AF4A-D3A0EE4BE494}.Release|Any CPU.Build.0 = Release|Any CPU
		{83E18766-B9BC-4010-840D-22E556747EB9}.Debug|Any CPU.ActiveCfg = Debug|Any CPU
		{83E18766-B9BC-4010-840D-22E556747EB9}.Debug|Any CPU.Build.0 = Debug|Any CPU
		{83E18766-B9BC-4010-840D-22E556747EB9}.Release|Any CPU.ActiveCfg = Release|Any CPU
		{83E18766-B9BC-4010-840D-22E556747EB9}.Release|Any CPU.Build.0 = Release|Any CPU
	EndGlobalSection
	GlobalSection(SolutionProperties) = preSolution
		HideSolutionNode = FALSE
	EndGlobalSection
	GlobalSection(NestedProjects) = preSolution
		{FBAF98B6-6926-4584-A845-914F9CFB6D8C} = {38DFC948-D2C5-487D-A793-BE6D0E2E89D3}
		{F7C216E3-AA8A-4110-A445-2D614282CD0D} = {454EE10F-7F97-4616-85D9-F3F0FF183B73}
		{1719757F-192C-4F37-AF4A-D3A0EE4BE494} = {454EE10F-7F97-4616-85D9-F3F0FF183B73}
		{83E18766-B9BC-4010-840D-22E556747EB9} = {08684D2A-91EF-4E46-A11A-37427018C40F}
	EndGlobalSection
EndGlobal
